<?xml version="1.0" encoding="utf-8"?>
<Project ToolsVersion="4.0" xmlns="http://schemas.microsoft.com/developer/msbuild/2003">
  <ItemGroup>
    <ClCompile Include="main.cpp" />
    <ClCompile Include="pch.cpp" />
    <ClCompile Include="utils.cpp" />
    <ClCompile Include="ce_driver.cpp" />
    <ClCompile Include="service.cpp" />
  </ItemGroup>
  <ItemGroup>
    <ClInclude Include="kdmapper-ce.hpp" />
    <ClInclude Include="pch.h" />
    <ClInclude Include="dbk64_driver_resource.hpp" />
    <ClInclude Include="kernelmoduleunloader_resource.hpp" />
    <ClInclude Include="utils.hpp" />
    <ClInclude Include="ce_driver.hpp" />
    <ClInclude Include="main.h" />
    <ClInclude Include="service.hpp" />
    <ClInclude Include="helloworld_driver_resource.hpp" />
    <ClInclude Include="test_dbk64_driver_resource.hpp" />
    <ClInclude Include="kernelmoduleunloader_sig_resource.hpp" />
  </ItemGroup>
</Project>